
Microsoft Visual Studio Solution File, Format Version 12.00
# Visual Studio Version 17
VisualStudioVersion = 17.1.32328.378
MinimumVisualStudioVersion = 10.0.40219.1
Project("{FAE04EC0-301F-11D3-BF4B-00C04F79EFBC}") = "Food", "Food\Food.csproj", "{F3A747E9-1D68-414A-B21A-DF771AD35CB9}"
EndProject
Global
	GlobalSection(SolutionConfigurationPlatforms) = preSolution
		Debug|Any CPU = Debug|Any CPU
		Release|Any CPU = Release|Any CPU
	EndGlobalSection
	GlobalSection(ProjectConfigurationPlatforms) = postSolution
		{F3A747E9-1D68-414A-B21A-DF771AD35CB9}.Debug|Any CPU.ActiveCfg = Debug|Any CPU
		{F3A747E9-1D68-414A-B21A-DF771AD35CB9}.Debug|Any CPU.Build.0 = Debug|Any CPU
		{F3A747E9-1D68-414A-B21A-DF771AD35CB9}.Release|Any CPU.ActiveCfg = Release|Any CPU
		{F3A747E9-1D68-414A-B21A-DF771AD35CB9}.Release|Any CPU.Build.0 = Release|Any CPU
	EndGlobalSection
	GlobalSection(SolutionProperties) = preSolution
		HideSolutionNode = FALSE
	EndGlobalSection
	GlobalSection(ExtensibilityGlobals) = postSolution
		SolutionGuid = {2B65683D-E686-48D0-9C3C-7A6C23D45529}
	EndGlobalSection
EndGlobal
